// !$*UTF8*$!
{
	archiveVersion = 1;
	classes = {
	};
	objectVersion = 46;
	objects = {

/* Begin PBXBuildFile section */
		C01876751F67CC6A00CD77F3 /* main.m in Sources */ = {isa = PBXBuildFile; fileRef = C01876741F67CC6A00CD77F3 /* main.m */; };
		C01876781F67CC6A00CD77F3 /* AppDelegate.m in Sources */ = {isa = PBXBuildFile; fileRef = C01876771F67CC6A00CD77F3 /* AppDelegate.m */; };
		C018767E1F67CC6A00CD77F3 /* Main.storyboard in Resources */ = {isa = PBXBuildFile; fileRef = C018767C1F67CC6A00CD77F3 /* Main.storyboard */; };
		C01876801F67CC6A00CD77F3 /* Assets.xcassets in Resources */ = {isa = PBXBuildFile; fileRef = C018767F1F67CC6A00CD77F3 /* Assets.xcassets */; };
		C01876831F67CC6A00CD77F3 /* LaunchScreen.storyboard in Resources */ = {isa = PBXBuildFile; fileRef = C01876811F67CC6A00CD77F3 /* LaunchScreen.storyboard */; };
		C018768D1F67CCC800CD77F3 /* User.m in Sources */ = {isa = PBXBuildFile; fileRef = C018768C1F67CCC800CD77F3 /* User.m */; };
		C01876911F67CF3400CD77F3 /* DataRetrieval.m in Sources */ = {isa = PBXBuildFile; fileRef = C01876901F67CF3400CD77F3 /* DataRetrieval.m */; };
		C01876991F67D27900CD77F3 /* SelectUserViewController.m in Sources */ = {isa = PBXBuildFile; fileRef = C01876981F67D27900CD77F3 /* SelectUserViewController.m */; };
		C01876A41F67E05700CD77F3 /* UserTableViewCell.m in Sources */ = {isa = PBXBuildFile; fileRef = C01876A31F67E05700CD77F3 /* UserTableViewCell.m */; };
		C01876A81F67E73A00CD77F3 /* ViewUserViewController.m in Sources */ = {isa = PBXBuildFile; fileRef = C01876A71F67E73A00CD77F3 /* ViewUserViewController.m */; };
		C01876AB1F67F1B200CD77F3 /* Album.m in Sources */ = {isa = PBXBuildFile; fileRef = C01876AA1F67F1B200CD77F3 /* Album.m */; };
		C01876B11F6803B500CD77F3 /* UserAlbumCell.m in Sources */ = {isa = PBXBuildFile; fileRef = C01876B01F6803B500CD77F3 /* UserAlbumCell.m */; };
		C01876B51F68091700CD77F3 /* Photo.m in Sources */ = {isa = PBXBuildFile; fileRef = C01876B41F68091700CD77F3 /* Photo.m */; };
		C01876B91F680CB700CD77F3 /* ViewAlbumViewController.m in Sources */ = {isa = PBXBuildFile; fileRef = C01876B81F680CB700CD77F3 /* ViewAlbumViewController.m */; };
		C01876BF1F6815AF00CD77F3 /* PhotoCollectionViewCell.m in Sources */ = {isa = PBXBuildFile; fileRef = C01876BE1F6815AF00CD77F3 /* PhotoCollectionViewCell.m */; };
		C01876C31F6838FC00CD77F3 /* LargePhotoViewController.m in Sources */ = {isa = PBXBuildFile; fileRef = C01876C21F6838FC00CD77F3 /* LargePhotoViewController.m */; };
		C01876C61F68421400CD77F3 /* UserAddress.m in Sources */ = {isa = PBXBuildFile; fileRef = C01876C51F68421400CD77F3 /* UserAddress.m */; };
/* End PBXBuildFile section */

/* Begin PBXFileReference section */
		C01876701F67CC6A00CD77F3 /* BrandPhotos.app */ = {isa = PBXFileReference; explicitFileType = wrapper.application; includeInIndex = 0; path = BrandPhotos.app; sourceTree = BUILT_PRODUCTS_DIR; };
		C01876741F67CC6A00CD77F3 /* main.m */ = {isa = PBXFileReference; lastKnownFileType = sourcecode.c.objc; path = main.m; sourceTree = "<group>"; };
		C01876761F67CC6A00CD77F3 /* AppDelegate.h */ = {isa = PBXFileReference; lastKnownFileType = sourcecode.c.h; path = AppDelegate.h; sourceTree = "<group>"; };
		C01876771F67CC6A00CD77F3 /* AppDelegate.m */ = {isa = PBXFileReference; lastKnownFileType = sourcecode.c.objc; path = AppDelegate.m; sourceTree = "<group>"; };
		C018767D1F67CC6A00CD77F3 /* Base */ = {isa = PBXFileReference; lastKnownFileType = file.storyboard; name = Base; path = Base.lproj/Main.storyboard; sourceTree = "<group>"; };
		C018767F1F67CC6A00CD77F3 /* Assets.xcassets */ = {isa = PBXFileReference; lastKnownFileType = folder.assetcatalog; path = Assets.xcassets; sourceTree = "<group>"; };
		C01876821F67CC6A00CD77F3 /* Base */ = {isa = PBXFileReference; lastKnownFileType = file.storyboard; name = Base; path = Base.lproj/LaunchScreen.storyboard; sourceTree = "<group>"; };
		C01876841F67CC6A00CD77F3 /* Info.plist */ = {isa = PBXFileReference; lastKnownFileType = text.plist.xml; path = Info.plist; sourceTree = "<group>"; };
		C018768B1F67CCC800CD77F3 /* User.h */ = {isa = PBXFileReference; fileEncoding = 4; lastKnownFileType = sourcecode.c.h; path = User.h; sourceTree = "<group>"; };
		C018768C1F67CCC800CD77F3 /* User.m */ = {isa = PBXFileReference; fileEncoding = 4; lastKnownFileType = sourcecode.c.objc; path = User.m; sourceTree = "<group>"; };
		C018768F1F67CF3400CD77F3 /* DataRetrieval.h */ = {isa = PBXFileReference; fileEncoding = 4; lastKnownFileType = sourcecode.c.h; path = DataRetrieval.h; sourceTree = "<group>"; };
		C01876901F67CF3400CD77F3 /* DataRetrieval.m */ = {isa = PBXFileReference; fileEncoding = 4; lastKnownFileType = sourcecode.c.objc; path = DataRetrieval.m; sourceTree = "<group>"; };
		C01876971F67D27900CD77F3 /* SelectUserViewController.h */ = {isa = PBXFileReference; fileEncoding = 4; lastKnownFileType = sourcecode.c.h; path = SelectUserViewController.h; sourceTree = "<group>"; };
		C01876981F67D27900CD77F3 /* SelectUserViewController.m */ = {isa = PBXFileReference; fileEncoding = 4; lastKnownFileType = sourcecode.c.objc; path = SelectUserViewController.m; sourceTree = "<group>"; };
		C018769E1F67DD8C00CD77F3 /* Constants.h */ = {isa = PBXFileReference; lastKnownFileType = sourcecode.c.h; path = Constants.h; sourceTree = "<group>"; };
		C01876A21F67E05700CD77F3 /* UserTableViewCell.h */ = {isa = PBXFileReference; fileEncoding = 4; lastKnownFileType = sourcecode.c.h; path = UserTableViewCell.h; sourceTree = "<group>"; };
		C01876A31F67E05700CD77F3 /* UserTableViewCell.m */ = {isa = PBXFileReference; fileEncoding = 4; lastKnownFileType = sourcecode.c.objc; path = UserTableViewCell.m; sourceTree = "<group>"; };
		C01876A61F67E73A00CD77F3 /* ViewUserViewController.h */ = {isa = PBXFileReference; fileEncoding = 4; lastKnownFileType = sourcecode.c.h; path = ViewUserViewController.h; sourceTree = "<group>"; };
		C01876A71F67E73A00CD77F3 /* ViewUserViewController.m */ = {isa = PBXFileReference; fileEncoding = 4; lastKnownFileType = sourcecode.c.objc; path = ViewUserViewController.m; sourceTree = "<group>"; };
		C01876A91F67F1B200CD77F3 /* Album.h */ = {isa = PBXFileReference; fileEncoding = 4; lastKnownFileType = sourcecode.c.h; path = Album.h; sourceTree = "<group>"; };
		C01876AA1F67F1B200CD77F3 /* Album.m */ = {isa = PBXFileReference; fileEncoding = 4; lastKnownFileType = sourcecode.c.objc; path = Album.m; sourceTree = "<group>"; };
		C01876AF1F6803B500CD77F3 /* UserAlbumCell.h */ = {isa = PBXFileReference; fileEncoding = 4; lastKnownFileType = sourcecode.c.h; path = UserAlbumCell.h; sourceTree = "<group>"; };
		C01876B01F6803B500CD77F3 /* UserAlbumCell.m */ = {isa = PBXFileReference; fileEncoding = 4; lastKnownFileType = sourcecode.c.objc; path = UserAlbumCell.m; sourceTree = "<group>"; };
		C01876B31F68091700CD77F3 /* Photo.h */ = {isa = PBXFileReference; fileEncoding = 4; lastKnownFileType = sourcecode.c.h; path = Photo.h; sourceTree = "<group>"; };
		C01876B41F68091700CD77F3 /* Photo.m */ = {isa = PBXFileReference; fileEncoding = 4; lastKnownFileType = sourcecode.c.objc; path = Photo.m; sourceTree = "<group>"; };
		C01876B71F680CB700CD77F3 /* ViewAlbumViewController.h */ = {isa = PBXFileReference; fileEncoding = 4; lastKnownFileType = sourcecode.c.h; path = ViewAlbumViewController.h; sourceTree = "<group>"; };
		C01876B81F680CB700CD77F3 /* ViewAlbumViewController.m */ = {isa = PBXFileReference; fileEncoding = 4; lastKnownFileType = sourcecode.c.objc; path = ViewAlbumViewController.m; sourceTree = "<group>"; };
		C01876BD1F6815AF00CD77F3 /* PhotoCollectionViewCell.h */ = {isa = PBXFileReference; fileEncoding = 4; lastKnownFileType = sourcecode.c.h; path = PhotoCollectionViewCell.h; sourceTree = "<group>"; };
		C01876BE1F6815AF00CD77F3 /* PhotoCollectionViewCell.m */ = {isa = PBXFileReference; fileEncoding = 4; lastKnownFileType = sourcecode.c.objc; path = PhotoCollectionViewCell.m; sourceTree = "<group>"; };
		C01876C11F6838FC00CD77F3 /* LargePhotoViewController.h */ = {isa = PBXFileReference; fileEncoding = 4; lastKnownFileType = sourcecode.c.h; path = LargePhotoViewController.h; sourceTree = "<group>"; };
		C01876C21F6838FC00CD77F3 /* LargePhotoViewController.m */ = {isa = PBXFileReference; fileEncoding = 4; lastKnownFileType = sourcecode.c.objc; path = LargePhotoViewController.m; sourceTree = "<group>"; };
		C01876C41F68421400CD77F3 /* UserAddress.h */ = {isa = PBXFileReference; fileEncoding = 4; lastKnownFileType = sourcecode.c.h; path = UserAddress.h; sourceTree = "<group>"; };
		C01876C51F68421400CD77F3 /* UserAddress.m */ = {isa = PBXFileReference; fileEncoding = 4; lastKnownFileType = sourcecode.c.objc; path = UserAddress.m; sourceTree = "<group>"; };
/* End PBXFileReference section */

/* Begin PBXFrameworksBuildPhase section */
		C018766D1F67CC6A00CD77F3 /* Frameworks */ = {
			isa = PBXFrameworksBuildPhase;
			buildActionMask = 2147483647;
			files = (
			);
			runOnlyForDeploymentPostprocessing = 0;
		};
/* End PBXFrameworksBuildPhase section */

/* Begin PBXGroup section */
		C01876671F67CC6A00CD77F3 = {
			isa = PBXGroup;
			children = (
				C01876721F67CC6A00CD77F3 /* BrandPhotos */,
				C01876711F67CC6A00CD77F3 /* Products */,
			);
			sourceTree = "<group>";
		};
		C01876711F67CC6A00CD77F3 /* Products */ = {
			isa = PBXGroup;
			children = (
				C01876701F67CC6A00CD77F3 /* BrandPhotos.app */,
			);
			name = Products;
			sourceTree = "<group>";
		};
		C01876721F67CC6A00CD77F3 /* BrandPhotos */ = {
			isa = PBXGroup;
			children = (
				C018769D1F67DD7D00CD77F3 /* Constants */,
				C01876921F67D13900CD77F3 /* AppDelegate */,
				C018768A1F67CC9000CD77F3 /* Model */,
				C018768E1F67CF1A00CD77F3 /* Data */,
				C01876931F67D14300CD77F3 /* ViewControllers */,
				C018767C1F67CC6A00CD77F3 /* Main.storyboard */,
				C018767F1F67CC6A00CD77F3 /* Assets.xcassets */,
				C01876811F67CC6A00CD77F3 /* LaunchScreen.storyboard */,
				C01876841F67CC6A00CD77F3 /* Info.plist */,
				C01876731F67CC6A00CD77F3 /* Supporting Files */,
			);
			path = BrandPhotos;
			sourceTree = "<group>";
		};
		C01876731F67CC6A00CD77F3 /* Supporting Files */ = {
			isa = PBXGroup;
			children = (
				C01876741F67CC6A00CD77F3 /* main.m */,
			);
			name = "Supporting Files";
			sourceTree = "<group>";
		};
		C018768A1F67CC9000CD77F3 /* Model */ = {
			isa = PBXGroup;
			children = (
				C018768B1F67CCC800CD77F3 /* User.h */,
				C018768C1F67CCC800CD77F3 /* User.m */,
				C01876C41F68421400CD77F3 /* UserAddress.h */,
				C01876C51F68421400CD77F3 /* UserAddress.m */,
				C01876A91F67F1B200CD77F3 /* Album.h */,
				C01876AA1F67F1B200CD77F3 /* Album.m */,
				C01876B31F68091700CD77F3 /* Photo.h */,
				C01876B41F68091700CD77F3 /* Photo.m */,
			);
			name = Model;
			sourceTree = "<group>";
		};
		C018768E1F67CF1A00CD77F3 /* Data */ = {
			isa = PBXGroup;
			children = (
				C018768F1F67CF3400CD77F3 /* DataRetrieval.h */,
				C01876901F67CF3400CD77F3 /* DataRetrieval.m */,
			);
			name = Data;
			sourceTree = "<group>";
		};
		C01876921F67D13900CD77F3 /* AppDelegate */ = {
			isa = PBXGroup;
			children = (
				C01876761F67CC6A00CD77F3 /* AppDelegate.h */,
				C01876771F67CC6A00CD77F3 /* AppDelegate.m */,
			);
			name = AppDelegate;
			sourceTree = "<group>";
		};
		C01876931F67D14300CD77F3 /* ViewControllers */ = {
			isa = PBXGroup;
			children = (
				C01876A01F67E02500CD77F3 /* Select User */,
				C01876A51F67E71800CD77F3 /* View User */,
				C01876B61F680C7C00CD77F3 /* View Photo Album */,
				C01876C01F6838CF00CD77F3 /* View Large Photo */,
			);
			name = ViewControllers;
			sourceTree = "<group>";
		};
		C018769D1F67DD7D00CD77F3 /* Constants */ = {
			isa = PBXGroup;
			children = (
				C018769E1F67DD8C00CD77F3 /* Constants.h */,
			);
			name = Constants;
			sourceTree = "<group>";
		};
		C01876A01F67E02500CD77F3 /* Select User */ = {
			isa = PBXGroup;
			children = (
				C01876A11F67E03800CD77F3 /* TableViewCell */,
				C01876971F67D27900CD77F3 /* SelectUserViewController.h */,
				C01876981F67D27900CD77F3 /* SelectUserViewController.m */,
			);
			name = "Select User";
			sourceTree = "<group>";
		};
		C01876A11F67E03800CD77F3 /* TableViewCell */ = {
			isa = PBXGroup;
			children = (
				C01876A21F67E05700CD77F3 /* UserTableViewCell.h */,
				C01876A31F67E05700CD77F3 /* UserTableViewCell.m */,
			);
			name = TableViewCell;
			sourceTree = "<group>";
		};
		C01876A51F67E71800CD77F3 /* View User */ = {
			isa = PBXGroup;
			children = (
				C01876B21F6803E100CD77F3 /* TableViewCell */,
				C01876A61F67E73A00CD77F3 /* ViewUserViewController.h */,
				C01876A71F67E73A00CD77F3 /* ViewUserViewController.m */,
			);
			name = "View User";
			sourceTree = "<group>";
		};
		C01876B21F6803E100CD77F3 /* TableViewCell */ = {
			isa = PBXGroup;
			children = (
				C01876AF1F6803B500CD77F3 /* UserAlbumCell.h */,
				C01876B01F6803B500CD77F3 /* UserAlbumCell.m */,
			);
			name = TableViewCell;
			sourceTree = "<group>";
		};
		C01876B61F680C7C00CD77F3 /* View Photo Album */ = {
			isa = PBXGroup;
			children = (
				C01876B71F680CB700CD77F3 /* ViewAlbumViewController.h */,
				C01876B81F680CB700CD77F3 /* ViewAlbumViewController.m */,
				C01876BD1F6815AF00CD77F3 /* PhotoCollectionViewCell.h */,
				C01876BE1F6815AF00CD77F3 /* PhotoCollectionViewCell.m */,
			);
			name = "View Photo Album";
			sourceTree = "<group>";
		};
		C01876C01F6838CF00CD77F3 /* View Large Photo */ = {
			isa = PBXGroup;
			children = (
				C01876C11F6838FC00CD77F3 /* LargePhotoViewController.h */,
				C01876C21F6838FC00CD77F3 /* LargePhotoViewController.m */,
			);
			name = "View Large Photo";
			sourceTree = "<group>";
		};
/* End PBXGroup section */

/* Begin PBXNativeTarget section */
		C018766F1F67CC6A00CD77F3 /* BrandPhotos */ = {
			isa = PBXNativeTarget;
			buildConfigurationList = C01876871F67CC6A00CD77F3 /* Build configuration list for PBXNativeTarget "BrandPhotos" */;
			buildPhases = (
				C018766C1F67CC6A00CD77F3 /* Sources */,
				C018766D1F67CC6A00CD77F3 /* Frameworks */,
				C018766E1F67CC6A00CD77F3 /* Resources */,
			);
			buildRules = (
			);
			dependencies = (
			);
			name = BrandPhotos;
			productName = BrandPhotos;
			productReference = C01876701F67CC6A00CD77F3 /* BrandPhotos.app */;
			productType = "com.apple.product-type.application";
		};
/* End PBXNativeTarget section */

/* Begin PBXProject section */
		C01876681F67CC6A00CD77F3 /* Project object */ = {
			isa = PBXProject;
			attributes = {
				LastUpgradeCheck = 0830;
				ORGANIZATIONNAME = "Mark Gumbs";
				TargetAttributes = {
					C018766F1F67CC6A00CD77F3 = {
						CreatedOnToolsVersion = 8.3.3;
						DevelopmentTeam = SCV8CWA773;
						ProvisioningStyle = Automatic;
					};
				};
			};
			buildConfigurationList = C018766B1F67CC6A00CD77F3 /* Build configuration list for PBXProject "BrandPhotos" */;
			compatibilityVersion = "Xcode 3.2";
			developmentRegion = English;
			hasScannedForEncodings = 0;
			knownRegions = (
				en,
				Base,
			);
			mainGroup = C01876671F67CC6A00CD77F3;
			productRefGroup = C01876711F67CC6A00CD77F3 /* Products */;
			projectDirPath = "";
			projectRoot = "";
			targets = (
				C018766F1F67CC6A00CD77F3 /* BrandPhotos */,
			);
		};
/* End PBXProject section */

/* Begin PBXResourcesBuildPhase section */
		C018766E1F67CC6A00CD77F3 /* Resources */ = {
			isa = PBXResourcesBuildPhase;
			buildActionMask = 2147483647;
			files = (
				C01876831F67CC6A00CD77F3 /* LaunchScreen.storyboard in Resources */,
				C01876801F67CC6A00CD77F3 /* Assets.xcassets in Resources */,
				C018767E1F67CC6A00CD77F3 /* Main.storyboard in Resources */,
			);
			runOnlyForDeploymentPostprocessing = 0;
		};
/* End PBXResourcesBuildPhase section */

/* Begin PBXSourcesBuildPhase section */
		C018766C1F67CC6A00CD77F3 /* Sources */ = {
			isa = PBXSourcesBuildPhase;
			buildActionMask = 2147483647;
			files = (
				C01876B51F68091700CD77F3 /* Photo.m in Sources */,
				C01876A41F67E05700CD77F3 /* UserTableViewCell.m in Sources */,
				C018768D1F67CCC800CD77F3 /* User.m in Sources */,
				C01876AB1F67F1B200CD77F3 /* Album.m in Sources */,
				C01876781F67CC6A00CD77F3 /* AppDelegate.m in Sources */,
				C01876B11F6803B500CD77F3 /* UserAlbumCell.m in Sources */,
				C01876B91F680CB700CD77F3 /* ViewAlbumViewController.m in Sources */,
				C01876751F67CC6A00CD77F3 /* main.m in Sources */,
				C01876C31F6838FC00CD77F3 /* LargePhotoViewController.m in Sources */,
				C01876A81F67E73A00CD77F3 /* ViewUserViewController.m in Sources */,
				C01876911F67CF3400CD77F3 /* DataRetrieval.m in Sources */,
				C01876C61F68421400CD77F3 /* UserAddress.m in Sources */,
				C01876991F67D27900CD77F3 /* SelectUserViewController.m in Sources */,
				C01876BF1F6815AF00CD77F3 /* PhotoCollectionViewCell.m in Sources */,
			);
			runOnlyForDeploymentPostprocessing = 0;
		};
/* End PBXSourcesBuildPhase section */

/* Begin PBXVariantGroup section */
		C018767C1F67CC6A00CD77F3 /* Main.storyboard */ = {
			isa = PBXVariantGroup;
			children = (
				C018767D1F67CC6A00CD77F3 /* Base */,
			);
			name = Main.storyboard;
			sourceTree = "<group>";
		};
		C01876811F67CC6A00CD77F3 /* LaunchScreen.storyboard */ = {
			isa = PBXVariantGroup;
			children = (
				C01876821F67CC6A00CD77F3 /* Base */,
			);
			name = LaunchScreen.storyboard;
			sourceTree = "<group>";
		};
/* End PBXVariantGroup section */

/* Begin XCBuildConfiguration section */
		C01876851F67CC6A00CD77F3 /* Debug */ = {
			isa = XCBuildConfiguration;
			buildSettings = {
				ALWAYS_SEARCH_USER_PATHS = NO;
				CLANG_ANALYZER_NONNULL = YES;
				CLANG_ANALYZER_NUMBER_OBJECT_CONVERSION = YES_AGGRESSIVE;
				CLANG_CXX_LANGUAGE_STANDARD = "gnu++0x";
				CLANG_CXX_LIBRARY = "libc++";
				CLANG_ENABLE_MODULES = YES;
				CLANG_ENABLE_OBJC_ARC = YES;
				CLANG_WARN_BOOL_CONVERSION = YES;
				CLANG_WARN_CONSTANT_CONVERSION = YES;
				CLANG_WARN_DIRECT_OBJC_ISA_USAGE = YES_ERROR;
				CLANG_WARN_DOCUMENTATION_COMMENTS = YES;
				CLANG_WARN_EMPTY_BODY = YES;
				CLANG_WARN_ENUM_CONVERSION = YES;
				CLANG_WARN_INFINITE_RECURSION = YES;
				CLANG_WARN_INT_CONVERSION = YES;
				CLANG_WARN_OBJC_ROOT_CLASS = YES_ERROR;
				CLANG_WARN_SUSPICIOUS_MOVE = YES;
				CLANG_WARN_UNREACHABLE_CODE = YES;
				CLANG_WARN__DUPLICATE_METHOD_MATCH = YES;
				"CODE_SIGN_IDENTITY[sdk=iphoneos*]" = "iPhone Developer";
				COPY_PHASE_STRIP = NO;
				DEBUG_INFORMATION_FORMAT = dwarf;
				ENABLE_STRICT_OBJC_MSGSEND = YES;
				ENABLE_TESTABILITY = YES;
				GCC_C_LANGUAGE_STANDARD = gnu99;
				GCC_DYNAMIC_NO_PIC = NO;
				GCC_NO_COMMON_BLOCKS = YES;
				GCC_OPTIMIZATION_LEVEL = 0;
				GCC_PREPROCESSOR_DEFINITIONS = (
					"DEBUG=1",
					"$(inherited)",
				);
				GCC_WARN_64_TO_32_BIT_CONVERSION = YES;
				GCC_WARN_ABOUT_RETURN_TYPE = YES_ERROR;
				GCC_WARN_UNDECLARED_SELECTOR = YES;
				GCC_WARN_UNINITIALIZED_AUTOS = YES_AGGRESSIVE;
				GCC_WARN_UNUSED_FUNCTION = YES;
				GCC_WARN_UNUSED_VARIABLE = YES;
				IPHONEOS_DEPLOYMENT_TARGET = 10.3;
				MTL_ENABLE_DEBUG_INFO = YES;
				ONLY_ACTIVE_ARCH = YES;
				SDKROOT = iphoneos;
			};
			name = Debug;
		};
		C01876861F67CC6A00CD77F3 /* Release */ = {
			isa = XCBuildConfiguration;
			buildSettings = {
				ALWAYS_SEARCH_USER_PATHS = NO;
				CLANG_ANALYZER_NONNULL = YES;
				CLANG_ANALYZER_NUMBER_OBJECT_CONVERSION = YES_AGGRESSIVE;
				CLANG_CXX_LANGUAGE_STANDARD = "gnu++0x";
				CLANG_CXX_LIBRARY = "libc++";
				CLANG_ENABLE_MODULES = YES;
				CLANG_ENABLE_OBJC_ARC = YES;
				CLANG_WARN_BOOL_CONVERSION = YES;
				CLANG_WARN_CONSTANT_CONVERSION = YES;
				CLANG_WARN_DIRECT_OBJC_ISA_USAGE = YES_ERROR;
				CLANG_WARN_DOCUMENTATION_COMMENTS = YES;
				CLANG_WARN_EMPTY_BODY = YES;
				CLANG_WARN_ENUM_CONVERSION = YES;
				CLANG_WARN_INFINITE_RECURSION = YES;
				CLANG_WARN_INT_CONVERSION = YES;
				CLANG_WARN_OBJC_ROOT_CLASS = YES_ERROR;
				CLANG_WARN_SUSPICIOUS_MOVE = YES;
				CLANG_WARN_UNREACHABLE_CODE = YES;
				CLANG_WARN__DUPLICATE_METHOD_MATCH = YES;
				"CODE_SIGN_IDENTITY[sdk=iphoneos*]" = "iPhone Developer";
				COPY_PHASE_STRIP = NO;
				DEBUG_INFORMATION_FORMAT = "dwarf-with-dsym";
				ENABLE_NS_ASSERTIONS = NO;
				ENABLE_STRICT_OBJC_MSGSEND = YES;
				GCC_C_LANGUAGE_STANDARD = gnu99;
				GCC_NO_COMMON_BLOCKS = YES;
				GCC_WARN_64_TO_32_BIT_CONVERSION = YES;
				GCC_WARN_ABOUT_RETURN_TYPE = YES_ERROR;
				GCC_WARN_UNDECLARED_SELECTOR = YES;
				GCC_WARN_UNINITIALIZED_AUTOS = YES_AGGRESSIVE;
				GCC_WARN_UNUSED_FUNCTION = YES;
				GCC_WARN_UNUSED_VARIABLE = YES;
				IPHONEOS_DEPLOYMENT_TARGET = 10.3;
				MTL_ENABLE_DEBUG_INFO = NO;
				SDKROOT = iphoneos;
				VALIDATE_PRODUCT = YES;
			};
			name = Release;
		};
		C01876881F67CC6A00CD77F3 /* Debug */ = {
			isa = XCBuildConfiguration;
			buildSettings = {
				ASSETCATALOG_COMPILER_APPICON_NAME = AppIcon;
				DEVELOPMENT_TEAM = SCV8CWA773;
				INFOPLIST_FILE = BrandPhotos/Info.plist;
				LD_RUNPATH_SEARCH_PATHS = "$(inherited) @executable_path/Frameworks";
				PRODUCT_BUNDLE_IDENTIFIER = com.MGSoft.BrandPhotos;
				PRODUCT_NAME = "$(TARGET_NAME)";
			};
			name = Debug;
		};
		C01876891F67CC6A00CD77F3 /* Release */ = {
			isa = XCBuildConfiguration;
			buildSettings = {
				ASSETCATALOG_COMPILER_APPICON_NAME = AppIcon;
				DEVELOPMENT_TEAM = SCV8CWA773;
				INFOPLIST_FILE = BrandPhotos/Info.plist;
				LD_RUNPATH_SEARCH_PATHS = "$(inherited) @executable_path/Frameworks";
				PRODUCT_BUNDLE_IDENTIFIER = com.MGSoft.BrandPhotos;
				PRODUCT_NAME = "$(TARGET_NAME)";
			};
			name = Release;
		};
/* End XCBuildConfiguration section */

/* Begin XCConfigurationList section */
		C018766B1F67CC6A00CD77F3 /* Build configuration list for PBXProject "BrandPhotos" */ = {
			isa = XCConfigurationList;
			buildConfigurations = (
				C01876851F67CC6A00CD77F3 /* Debug */,
				C01876861F67CC6A00CD77F3 /* Release */,
			);
			defaultConfigurationIsVisible = 0;
			defaultConfigurationName = Release;
		};
		C01876871F67CC6A00CD77F3 /* Build configuration list for PBXNativeTarget "BrandPhotos" */ = {
			isa = XCConfigurationList;
			buildConfigurations = (
				C01876881F67CC6A00CD77F3 /* Debug */,
				C01876891F67CC6A00CD77F3 /* Release */,
			);
			defaultConfigurationIsVisible = 0;
		};
/* End XCConfigurationList section */
	};
	rootObject = C01876681F67CC6A00CD77F3 /* Project object */;
}
